
Microsoft Visual Studio Solution File, Format Version 12.00
# Visual Studio 15
VisualStudioVersion = 15.0.26730.15
MinimumVisualStudioVersion = 10.0.40219.1
Project("{FAE04EC0-301F-11D3-BF4B-00C04F79EFBC}") = "CompVision", "CompVision\CompVision.csproj", "{18C7DFD0-718F-44B0-AE32-5BE0D5A8E98C}"
EndProject
Global
	GlobalSection(SolutionConfigurationPlatforms) = preSolution
		Debug|Any CPU = Debug|Any CPU
		Release|Any CPU = Release|Any CPU
	EndGlobalSection
	GlobalSection(ProjectConfigurationPlatforms) = postSolution
		{18C7DFD0-718F-44B0-AE32-5BE0D5A8E98C}.Debug|Any CPU.ActiveCfg = Debug|Any CPU
		{18C7DFD0-718F-44B0-AE32-5BE0D5A8E98C}.Debug|Any CPU.Build.0 = Debug|Any CPU
		{18C7DFD0-718F-44B0-AE32-5BE0D5A8E98C}.Release|Any CPU.ActiveCfg = Release|Any CPU
		{18C7DFD0-718F-44B0-AE32-5BE0D5A8E98C}.Release|Any CPU.Build.0 = Release|Any CPU
	EndGlobalSection
	GlobalSection(SolutionProperties) = preSolution
		HideSolutionNode = FALSE
	EndGlobalSection
	GlobalSection(ExtensibilityGlobals) = postSolution
		SolutionGuid = {F608D46F-FBFD-4F10-9AB7-A29961CB39C6}
	EndGlobalSection
EndGlobal
